
Microsoft Visual Studio Solution File, Format Version 12.00
# Visual Studio 2013
VisualStudioVersion = 12.0.21005.1
MinimumVisualStudioVersion = 10.0.40219.1
Project("{FAE04EC0-301F-11D3-BF4B-00C04F79EFBC}") = "FodyUnitTestsLogger", "FodyUnitTestsLogger\FodyUnitTestsLogger.csproj", "{AE2EC7EC-7ADB-4EFA-A2E2-F3512DE45100}"
EndProject
Project("{FAE04EC0-301F-11D3-BF4B-00C04F79EFBC}") = "AssemblyToProcess", "AssemblyToProcess\AssemblyToProcess.csproj", "{5DD1A9B5-3400-4047-9E9A-41FB2B9DFDE5}"
EndProject
Project("{FAE04EC0-301F-11D3-BF4B-00C04F79EFBC}") = "UnitTestsLoggerTests", "UnitTestsLoggerTests\UnitTestsLoggerTests.csproj", "{42171DB8-F957-4F09-900A-2FC811C501D2}"
EndProject
Global
	GlobalSection(SolutionConfigurationPlatforms) = preSolution
		Debug|Any CPU = Debug|Any CPU
		Release|Any CPU = Release|Any CPU
	EndGlobalSection
	GlobalSection(ProjectConfigurationPlatforms) = postSolution
		{AE2EC7EC-7ADB-4EFA-A2E2-F3512DE45100}.Debug|Any CPU.ActiveCfg = Debug|Any CPU
		{AE2EC7EC-7ADB-4EFA-A2E2-F3512DE45100}.Debug|Any CPU.Build.0 = Debug|Any CPU
		{AE2EC7EC-7ADB-4EFA-A2E2-F3512DE45100}.Release|Any CPU.ActiveCfg = Release|Any CPU
		{AE2EC7EC-7ADB-4EFA-A2E2-F3512DE45100}.Release|Any CPU.Build.0 = Release|Any CPU
		{5DD1A9B5-3400-4047-9E9A-41FB2B9DFDE5}.Debug|Any CPU.ActiveCfg = Debug|Any CPU
		{5DD1A9B5-3400-4047-9E9A-41FB2B9DFDE5}.Debug|Any CPU.Build.0 = Debug|Any CPU
		{5DD1A9B5-3400-4047-9E9A-41FB2B9DFDE5}.Release|Any CPU.ActiveCfg = Release|Any CPU
		{5DD1A9B5-3400-4047-9E9A-41FB2B9DFDE5}.Release|Any CPU.Build.0 = Release|Any CPU
		{42171DB8-F957-4F09-900A-2FC811C501D2}.Debug|Any CPU.ActiveCfg = Debug|Any CPU
		{42171DB8-F957-4F09-900A-2FC811C501D2}.Debug|Any CPU.Build.0 = Debug|Any CPU
		{42171DB8-F957-4F09-900A-2FC811C501D2}.Release|Any CPU.ActiveCfg = Release|Any CPU
		{42171DB8-F957-4F09-900A-2FC811C501D2}.Release|Any CPU.Build.0 = Release|Any CPU
	EndGlobalSection
	GlobalSection(SolutionProperties) = preSolution
		HideSolutionNode = FALSE
	EndGlobalSection
EndGlobal
